
Microsoft Visual Studio Solution File, Format Version 12.00
# Visual Studio 14
VisualStudioVersion = 14.0.25420.1
MinimumVisualStudioVersion = 10.0.40219.1
Project("{FAE04EC0-301F-11D3-BF4B-00C04F79EFBC}") = "Sync.Net", "Sync.Net\Sync.Net.csproj", "{7AE20A44-3AD2-47A5-B39D-AD195D1BB0AA}"
EndProject
Project("{FAE04EC0-301F-11D3-BF4B-00C04F79EFBC}") = "Sync.Net.Tests", "Sync.Net.Tests\Sync.Net.Tests.csproj", "{919760CD-D186-42F1-B22D-5EEB7E99D19C}"
EndProject
Project("{2150E333-8FDC-42A3-9474-1A3956D46DE8}") = "Tests", "Tests", "{D6031172-31E1-48A7-9A30-F351DA6E38EE}"
EndProject
Project("{FAE04EC0-301F-11D3-BF4B-00C04F79EFBC}") = "Sync.Net.IntegrationTests", "Sync.Net.IntegrationTests\Sync.Net.IntegrationTests.csproj", "{678CD9B1-E425-403C-BBF4-D06BAF686E20}"
EndProject
Project("{FAE04EC0-301F-11D3-BF4B-00C04F79EFBC}") = "Sync.Net.TestHelpers", "Sync.Net.TestHelpers\Sync.Net.TestHelpers.csproj", "{B9196387-37CF-4B59-B5AF-A68C94633D9A}"
EndProject
Global
	GlobalSection(SolutionConfigurationPlatforms) = preSolution
		Debug|Any CPU = Debug|Any CPU
		Release|Any CPU = Release|Any CPU
	EndGlobalSection
	GlobalSection(ProjectConfigurationPlatforms) = postSolution
		{7AE20A44-3AD2-47A5-B39D-AD195D1BB0AA}.Debug|Any CPU.ActiveCfg = Debug|Any CPU
		{7AE20A44-3AD2-47A5-B39D-AD195D1BB0AA}.Debug|Any CPU.Build.0 = Debug|Any CPU
		{7AE20A44-3AD2-47A5-B39D-AD195D1BB0AA}.Release|Any CPU.ActiveCfg = Release|Any CPU
		{7AE20A44-3AD2-47A5-B39D-AD195D1BB0AA}.Release|Any CPU.Build.0 = Release|Any CPU
		{919760CD-D186-42F1-B22D-5EEB7E99D19C}.Debug|Any CPU.ActiveCfg = Debug|Any CPU
		{919760CD-D186-42F1-B22D-5EEB7E99D19C}.Debug|Any CPU.Build.0 = Debug|Any CPU
		{919760CD-D186-42F1-B22D-5EEB7E99D19C}.Release|Any CPU.ActiveCfg = Release|Any CPU
		{919760CD-D186-42F1-B22D-5EEB7E99D19C}.Release|Any CPU.Build.0 = Release|Any CPU
		{678CD9B1-E425-403C-BBF4-D06BAF686E20}.Debug|Any CPU.ActiveCfg = Debug|Any CPU
		{678CD9B1-E425-403C-BBF4-D06BAF686E20}.Debug|Any CPU.Build.0 = Debug|Any CPU
		{678CD9B1-E425-403C-BBF4-D06BAF686E20}.Release|Any CPU.ActiveCfg = Release|Any CPU
		{678CD9B1-E425-403C-BBF4-D06BAF686E20}.Release|Any CPU.Build.0 = Release|Any CPU
		{B9196387-37CF-4B59-B5AF-A68C94633D9A}.Debug|Any CPU.ActiveCfg = Debug|Any CPU
		{B9196387-37CF-4B59-B5AF-A68C94633D9A}.Debug|Any CPU.Build.0 = Debug|Any CPU
		{B9196387-37CF-4B59-B5AF-A68C94633D9A}.Release|Any CPU.ActiveCfg = Release|Any CPU
		{B9196387-37CF-4B59-B5AF-A68C94633D9A}.Release|Any CPU.Build.0 = Release|Any CPU
	EndGlobalSection
	GlobalSection(SolutionProperties) = preSolution
		HideSolutionNode = FALSE
	EndGlobalSection
	GlobalSection(NestedProjects) = preSolution
		{919760CD-D186-42F1-B22D-5EEB7E99D19C} = {D6031172-31E1-48A7-9A30-F351DA6E38EE}
		{678CD9B1-E425-403C-BBF4-D06BAF686E20} = {D6031172-31E1-48A7-9A30-F351DA6E38EE}
	EndGlobalSection
EndGlobal
